
Microsoft Visual Studio Solution File, Format Version 12.00
# Visual Studio Version 17
VisualStudioVersion = 17.9.34701.34
MinimumVisualStudioVersion = 10.0.40219.1
Project("{FAE04EC0-301F-11D3-BF4B-00C04F79EFBC}") = "Dziennik Klasy", "Dziennik Klasy\Dziennik Klasy.csproj", "{7757A770-07D4-40E1-A56E-E5E6FAD08C01}"
EndProject
Global
	GlobalSection(SolutionConfigurationPlatforms) = preSolution
		Debug|Any CPU = Debug|Any CPU
		Release|Any CPU = Release|Any CPU
	EndGlobalSection
	GlobalSection(ProjectConfigurationPlatforms) = postSolution
		{7757A770-07D4-40E1-A56E-E5E6FAD08C01}.Debug|Any CPU.ActiveCfg = Debug|Any CPU
		{7757A770-07D4-40E1-A56E-E5E6FAD08C01}.Debug|Any CPU.Build.0 = Debug|Any CPU
		{7757A770-07D4-40E1-A56E-E5E6FAD08C01}.Release|Any CPU.ActiveCfg = Release|Any CPU
		{7757A770-07D4-40E1-A56E-E5E6FAD08C01}.Release|Any CPU.Build.0 = Release|Any CPU
	EndGlobalSection
	GlobalSection(SolutionProperties) = preSolution
		HideSolutionNode = FALSE
	EndGlobalSection
	GlobalSection(ExtensibilityGlobals) = postSolution
		SolutionGuid = {D5DA33A5-09FD-477E-B06D-5DAB2EB9F5D6}
	EndGlobalSection
EndGlobal
